# This file is automatically @generated by Poetry 2.2.1 and should not be changed by hand.

[[package]]
name = "extension.dist"
version = "0.1"
description = "A testing distribution ☃"
optional = false
python-versions = "*"
groups = ["main"]
files = []
develop = true

[package.source]
type = "git"
url = "https://github.com/pypa/wheel.git"
reference = "0.44.0"
resolved_reference = "7bb46d7727e6e89fe56b3c78297b3af2672bbbe2"
subdirectory = "tests/testdata/extension.dist"

[metadata]
lock-version = "2.1"
python-versions = "^3.14"
content-hash = "0db0a403cb792e79df72cda885d8cbcdd34d155e33f61f19b97a51ec010d3de1"
