# This file is automatically @generated by Poetry 1.8.4 and should not be changed by hand.

[[package]]
name = "extension.dist"
version = "0.1"
description = "A testing distribution ☃"
optional = false
python-versions = "*"
files = []
develop = true

[package.source]
type = "git"
url = "https://github.com/pypa/wheel.git"
reference = "0.44.0"
resolved_reference = "7bb46d7727e6e89fe56b3c78297b3af2672bbbe2"
subdirectory = "tests/testdata/extension.dist"

[metadata]
lock-version = "2.0"
python-versions = "^3.13"
content-hash = "f6e97a6813e7715d3d1f4498a9d65dddad85905c4cb42e9ab492e00e5319ab3a"
